
Microsoft Visual Studio Solution File, Format Version 12.00
# Visual Studio 15
Project("{FAE04EC0-301F-11D3-BF4B-00C04F79EFBC}") = "FlyBuyAndroid", "FlyBuyAndroid\FlyBuyAndroid.csproj", "{FE4D8D53-DC77-44D0-93D2-8AFDC54EB189}"
EndProject
Project("{FAE04EC0-301F-11D3-BF4B-00C04F79EFBC}") = "FlyBuyCore", "FlyBuyCore\FlyBuyCore.csproj", "{AD46EB75-D5D7-4257-BAEA-B5FC2789FE3F}"
EndProject
Project("{FAE04EC0-301F-11D3-BF4B-00C04F79EFBC}") = "FlyBuyPickup", "FlyBuyPickup\FlyBuyPickup.csproj", "{B431CE48-17AB-43DE-9E0B-2BFE7CA1C41C}"
EndProject
Project("{FAE04EC0-301F-11D3-BF4B-00C04F79EFBC}") = "FlyBuyPresence", "FlyBuyPresence\FlyBuyPresence.csproj", "{76A0C43A-9058-4678-BD5F-62F9191EB283}"
EndProject
Project("{FAE04EC0-301F-11D3-BF4B-00C04F79EFBC}") = "FlyBuyNotify", "FlyBuyNotify\FlyBuyNotify.csproj", "{5D2C6484-59DB-47D0-9182-5E2880E23407}"
EndProject
Project("{FAE04EC0-301F-11D3-BF4B-00C04F79EFBC}") = "FlyBuyAPI", "FlyBuyAPI\FlyBuyAPI.csproj", "{511EBB36-FB17-4851-A2DC-D8CBC7AAFEF1}"
EndProject
Project("{FAE04EC0-301F-11D3-BF4B-00C04F79EFBC}") = "FlyBuyCommon", "FlyBuyCommon\FlyBuyCommon.csproj", "{97ED351B-E117-4AD5-BD20-AD903F164E77}"
EndProject
Global
	GlobalSection(SolutionConfigurationPlatforms) = preSolution
		Debug|Any CPU = Debug|Any CPU
		Release|Any CPU = Release|Any CPU
	EndGlobalSection
	GlobalSection(ProjectConfigurationPlatforms) = postSolution
		{24B022C4-40FD-47AA-948B-9EE8B039E527}.Debug|Any CPU.ActiveCfg = Debug|Any CPU
		{24B022C4-40FD-47AA-948B-9EE8B039E527}.Debug|Any CPU.Build.0 = Debug|Any CPU
		{24B022C4-40FD-47AA-948B-9EE8B039E527}.Release|Any CPU.ActiveCfg = Release|Any CPU
		{24B022C4-40FD-47AA-948B-9EE8B039E527}.Release|Any CPU.Build.0 = Release|Any CPU
		{0B2C6588-132D-4F5C-A45D-1719CB7D53A3}.Debug|Any CPU.ActiveCfg = Debug|Any CPU
		{0B2C6588-132D-4F5C-A45D-1719CB7D53A3}.Debug|Any CPU.Build.0 = Debug|Any CPU
		{0B2C6588-132D-4F5C-A45D-1719CB7D53A3}.Release|Any CPU.ActiveCfg = Release|Any CPU
		{0B2C6588-132D-4F5C-A45D-1719CB7D53A3}.Release|Any CPU.Build.0 = Release|Any CPU
		{998B4789-44F4-4E50-922F-498A512C3AAE}.Debug|Any CPU.ActiveCfg = Debug|Any CPU
		{998B4789-44F4-4E50-922F-498A512C3AAE}.Debug|Any CPU.Build.0 = Debug|Any CPU
		{998B4789-44F4-4E50-922F-498A512C3AAE}.Release|Any CPU.ActiveCfg = Release|Any CPU
		{998B4789-44F4-4E50-922F-498A512C3AAE}.Release|Any CPU.Build.0 = Release|Any CPU
		{FE4D8D53-DC77-44D0-93D2-8AFDC54EB189}.Debug|Any CPU.ActiveCfg = Debug|Any CPU
		{FE4D8D53-DC77-44D0-93D2-8AFDC54EB189}.Debug|Any CPU.Build.0 = Debug|Any CPU
		{FE4D8D53-DC77-44D0-93D2-8AFDC54EB189}.Release|Any CPU.ActiveCfg = Release|Any CPU
		{FE4D8D53-DC77-44D0-93D2-8AFDC54EB189}.Release|Any CPU.Build.0 = Release|Any CPU
		{AD46EB75-D5D7-4257-BAEA-B5FC2789FE3F}.Debug|Any CPU.ActiveCfg = Debug|Any CPU
		{AD46EB75-D5D7-4257-BAEA-B5FC2789FE3F}.Debug|Any CPU.Build.0 = Debug|Any CPU
		{AD46EB75-D5D7-4257-BAEA-B5FC2789FE3F}.Release|Any CPU.ActiveCfg = Release|Any CPU
		{AD46EB75-D5D7-4257-BAEA-B5FC2789FE3F}.Release|Any CPU.Build.0 = Release|Any CPU
		{B431CE48-17AB-43DE-9E0B-2BFE7CA1C41C}.Debug|Any CPU.ActiveCfg = Debug|Any CPU
		{B431CE48-17AB-43DE-9E0B-2BFE7CA1C41C}.Debug|Any CPU.Build.0 = Debug|Any CPU
		{B431CE48-17AB-43DE-9E0B-2BFE7CA1C41C}.Release|Any CPU.ActiveCfg = Release|Any CPU
		{B431CE48-17AB-43DE-9E0B-2BFE7CA1C41C}.Release|Any CPU.Build.0 = Release|Any CPU
		{76A0C43A-9058-4678-BD5F-62F9191EB283}.Debug|Any CPU.ActiveCfg = Debug|Any CPU
		{76A0C43A-9058-4678-BD5F-62F9191EB283}.Debug|Any CPU.Build.0 = Debug|Any CPU
		{76A0C43A-9058-4678-BD5F-62F9191EB283}.Release|Any CPU.ActiveCfg = Release|Any CPU
		{76A0C43A-9058-4678-BD5F-62F9191EB283}.Release|Any CPU.Build.0 = Release|Any CPU
		{5D2C6484-59DB-47D0-9182-5E2880E23407}.Debug|Any CPU.ActiveCfg = Debug|Any CPU
		{5D2C6484-59DB-47D0-9182-5E2880E23407}.Debug|Any CPU.Build.0 = Debug|Any CPU
		{5D2C6484-59DB-47D0-9182-5E2880E23407}.Release|Any CPU.ActiveCfg = Release|Any CPU
		{5D2C6484-59DB-47D0-9182-5E2880E23407}.Release|Any CPU.Build.0 = Release|Any CPU
		{511EBB36-FB17-4851-A2DC-D8CBC7AAFEF1}.Debug|Any CPU.ActiveCfg = Debug|Any CPU
		{511EBB36-FB17-4851-A2DC-D8CBC7AAFEF1}.Debug|Any CPU.Build.0 = Debug|Any CPU
		{511EBB36-FB17-4851-A2DC-D8CBC7AAFEF1}.Release|Any CPU.ActiveCfg = Release|Any CPU
		{511EBB36-FB17-4851-A2DC-D8CBC7AAFEF1}.Release|Any CPU.Build.0 = Release|Any CPU
		{97ED351B-E117-4AD5-BD20-AD903F164E77}.Debug|Any CPU.ActiveCfg = Debug|Any CPU
		{97ED351B-E117-4AD5-BD20-AD903F164E77}.Debug|Any CPU.Build.0 = Debug|Any CPU
		{97ED351B-E117-4AD5-BD20-AD903F164E77}.Release|Any CPU.ActiveCfg = Release|Any CPU
		{97ED351B-E117-4AD5-BD20-AD903F164E77}.Release|Any CPU.Build.0 = Release|Any CPU
	EndGlobalSection
	GlobalSection(MonoDevelopProperties) = preSolution
		version = 2.5.3
	EndGlobalSection
EndGlobal
